{
    "version": 3,
    "terraform_version": "0.11.11",
    "serial": 4,
    "lineage": "5c8d173a-349a-4649-701f-1dec270ff0c7",
    "modules": [
        {
            "path": [
                "root"
            ],
            "outputs": {},
            "resources": {
                "aws_ecs_cluster.default": {
                    "type": "aws_ecs_cluster",
                    "depends_on": [],
                    "primary": {
                        "id": "arn:aws:ecs:eu-central-1:461347155483:cluster/cp-prod-app",
                        "attributes": {
                            "arn": "arn:aws:ecs:eu-central-1:461347155483:cluster/cp-prod-app",
                            "id": "arn:aws:ecs:eu-central-1:461347155483:cluster/cp-prod-app",
                            "name": "cp-prod-app",
                            "tags.%": "0"
                        },
                        "meta": {},
                        "tainted": false
                    },
                    "deposed": [],
                    "provider": "provider.aws"
                },
                "aws_ecs_task_definition.service": {
                    "type": "aws_ecs_task_definition",
                    "depends_on": [],
                    "primary": {
                        "id": "service",
                        "attributes": {
                            "arn": "arn:aws:ecs:eu-central-1:461347155483:task-definition/service:1",
                            "container_definitions": "[{\"cpu\":10,\"environment\":[],\"essential\":true,\"image\":\"service-first\",\"memory\":512,\"mountPoints\":[],\"name\":\"first\",\"portMappings\":[{\"containerPort\":80,\"hostPort\":80,\"protocol\":\"tcp\"}],\"volumesFrom\":[]},{\"cpu\":10,\"environment\":[],\"essential\":true,\"image\":\"service-second\",\"memory\":256,\"mountPoints\":[],\"name\":\"second\",\"portMappings\":[{\"containerPort\":443,\"hostPort\":443,\"protocol\":\"tcp\"}],\"volumesFrom\":[]}]",
                            "cpu": "",
                            "execution_role_arn": "",
                            "family": "service",
                            "id": "service",
                            "memory": "",
                            "network_mode": "",
                            "placement_constraints.#": "1",
                            "placement_constraints.2103112486.expression": "attribute:ecs.availability-zone in [eu-central-1a, eu-central-1b]",
                            "placement_constraints.2103112486.type": "memberOf",
                            "requires_compatibilities.#": "0",
                            "revision": "1",
                            "tags.%": "0",
                            "task_role_arn": "",
                            "volume.#": "1",
                            "volume.742163621.docker_volume_configuration.#": "0",
                            "volume.742163621.host_path": "/ecs/service-storage",
                            "volume.742163621.name": "service-storage"
                        },
                        "meta": {
                            "schema_version": "1"
                        },
                        "tainted": false
                    },
                    "deposed": [],
                    "provider": "provider.aws"
                }
            },
            "depends_on": []
        },
        {
            "path": [
                "root",
                "alarms"
            ],
            "outputs": {},
            "resources": {
                "aws_cloudwatch_metric_alarm.cpu_utilization_high": {
                    "type": "aws_cloudwatch_metric_alarm",
                    "depends_on": [
                        "local.dimensions_map",
                        "local.enabled",
                        "local.thresholds",
                        "module.cpu_utilization_high_alarm_label"
                    ],
                    "primary": {
                        "id": "cp-prod-app-cpu-utilization-high",
                        "attributes": {
                            "actions_enabled": "true",
                            "alarm_actions.#": "0",
                            "alarm_description": "Average service CPU utilization High last 5 minute(s) over 1 period(s)",
                            "alarm_name": "cp-prod-app-cpu-utilization-high",
                            "arn": "arn:aws:cloudwatch:eu-central-1:461347155483:alarm:cp-prod-app-cpu-utilization-high",
                            "comparison_operator": "GreaterThanThreshold",
                            "datapoints_to_alarm": "0",
                            "dimensions.%": "1",
                            "dimensions.ClusterName": "cp-prod-app",
                            "evaluate_low_sample_count_percentiles": "",
                            "evaluation_periods": "1",
                            "extended_statistic": "",
                            "id": "cp-prod-app-cpu-utilization-high",
                            "insufficient_data_actions.#": "0",
                            "metric_name": "CPUUtilization",
                            "namespace": "AWS/ECS",
                            "ok_actions.#": "0",
                            "period": "300",
                            "statistic": "Average",
                            "threshold": "80",
                            "treat_missing_data": "missing",
                            "unit": ""
                        },
                        "meta": {
                            "schema_version": "1"
                        },
                        "tainted": false
                    },
                    "deposed": [],
                    "provider": "provider.aws"
                },
                "aws_cloudwatch_metric_alarm.cpu_utilization_low": {
                    "type": "aws_cloudwatch_metric_alarm",
                    "depends_on": [
                        "local.dimensions_map",
                        "local.enabled",
                        "local.thresholds",
                        "module.cpu_utilization_low_alarm_label"
                    ],
                    "primary": {
                        "id": "cp-prod-app-cpu-utilization-low",
                        "attributes": {
                            "actions_enabled": "true",
                            "alarm_actions.#": "0",
                            "alarm_description": "Average service CPU utilization Low last 5 minute(s) over 1 period(s)",
                            "alarm_name": "cp-prod-app-cpu-utilization-low",
                            "arn": "arn:aws:cloudwatch:eu-central-1:461347155483:alarm:cp-prod-app-cpu-utilization-low",
                            "comparison_operator": "LessThanThreshold",
                            "datapoints_to_alarm": "0",
                            "dimensions.%": "1",
                            "dimensions.ClusterName": "cp-prod-app",
                            "evaluate_low_sample_count_percentiles": "",
                            "evaluation_periods": "1",
                            "extended_statistic": "",
                            "id": "cp-prod-app-cpu-utilization-low",
                            "insufficient_data_actions.#": "0",
                            "metric_name": "CPUUtilization",
                            "namespace": "AWS/ECS",
                            "ok_actions.#": "0",
                            "period": "300",
                            "statistic": "Average",
                            "threshold": "20",
                            "treat_missing_data": "missing",
                            "unit": ""
                        },
                        "meta": {
                            "schema_version": "1"
                        },
                        "tainted": false
                    },
                    "deposed": [],
                    "provider": "provider.aws"
                },
                "aws_cloudwatch_metric_alarm.memory_utilization_high": {
                    "type": "aws_cloudwatch_metric_alarm",
                    "depends_on": [
                        "local.dimensions_map",
                        "local.enabled",
                        "local.thresholds",
                        "module.memory_utilization_high_alarm_label"
                    ],
                    "primary": {
                        "id": "cp-prod-app-memory-utilization-high",
                        "attributes": {
                            "actions_enabled": "true",
                            "alarm_actions.#": "0",
                            "alarm_description": "Average service Memory utilization Hight last 5 minute(s) over 1 period(s)",
                            "alarm_name": "cp-prod-app-memory-utilization-high",
                            "arn": "arn:aws:cloudwatch:eu-central-1:461347155483:alarm:cp-prod-app-memory-utilization-high",
                            "comparison_operator": "GreaterThanThreshold",
                            "datapoints_to_alarm": "0",
                            "dimensions.%": "1",
                            "dimensions.ClusterName": "cp-prod-app",
                            "evaluate_low_sample_count_percentiles": "",
                            "evaluation_periods": "1",
                            "extended_statistic": "",
                            "id": "cp-prod-app-memory-utilization-high",
                            "insufficient_data_actions.#": "0",
                            "metric_name": "MemoryUtilization",
                            "namespace": "AWS/ECS",
                            "ok_actions.#": "0",
                            "period": "300",
                            "statistic": "Average",
                            "threshold": "80",
                            "treat_missing_data": "missing",
                            "unit": ""
                        },
                        "meta": {
                            "schema_version": "1"
                        },
                        "tainted": false
                    },
                    "deposed": [],
                    "provider": "provider.aws"
                },
                "aws_cloudwatch_metric_alarm.memory_utilization_low": {
                    "type": "aws_cloudwatch_metric_alarm",
                    "depends_on": [
                        "local.dimensions_map",
                        "local.enabled",
                        "local.thresholds",
                        "module.memory_utilization_low_alarm_label"
                    ],
                    "primary": {
                        "id": "cp-prod-app-memory-utilization-low",
                        "attributes": {
                            "actions_enabled": "true",
                            "alarm_actions.#": "0",
                            "alarm_description": "Average service Memory utilization Low last 5 minute(s) over 1 period(s)",
                            "alarm_name": "cp-prod-app-memory-utilization-low",
                            "arn": "arn:aws:cloudwatch:eu-central-1:461347155483:alarm:cp-prod-app-memory-utilization-low",
                            "comparison_operator": "LessThanThreshold",
                            "datapoints_to_alarm": "0",
                            "dimensions.%": "1",
                            "dimensions.ClusterName": "cp-prod-app",
                            "evaluate_low_sample_count_percentiles": "",
                            "evaluation_periods": "1",
                            "extended_statistic": "",
                            "id": "cp-prod-app-memory-utilization-low",
                            "insufficient_data_actions.#": "0",
                            "metric_name": "MemoryUtilization",
                            "namespace": "AWS/ECS",
                            "ok_actions.#": "0",
                            "period": "300",
                            "statistic": "Average",
                            "threshold": "20",
                            "treat_missing_data": "missing",
                            "unit": ""
                        },
                        "meta": {
                            "schema_version": "1"
                        },
                        "tainted": false
                    },
                    "deposed": [],
                    "provider": "provider.aws"
                },
                "data.aws_caller_identity.default": {
                    "type": "aws_caller_identity",
                    "depends_on": [],
                    "primary": {
                        "id": "2019-02-17 09:09:37.243275539 +0000 UTC",
                        "attributes": {
                            "account_id": "461347155483",
                            "arn": "arn:aws:iam::461347155483:user/Recruit",
                            "id": "2019-02-17 09:09:37.243275539 +0000 UTC",
                            "user_id": "AIDAIMKH5IGLN2FQHB2XM"
                        },
                        "meta": {},
                        "tainted": false
                    },
                    "deposed": [],
                    "provider": "provider.aws"
                }
            },
            "depends_on": []
        },
        {
            "path": [
                "root",
                "alarms",
                "cpu_utilization_high_alarm_label"
            ],
            "outputs": {
                "attributes": {
                    "sensitive": false,
                    "type": "string",
                    "value": "cpu-utilization-high"
                },
                "id": {
                    "sensitive": false,
                    "type": "string",
                    "value": "cp-prod-app-cpu-utilization-high"
                },
                "name": {
                    "sensitive": false,
                    "type": "string",
                    "value": "app"
                },
                "namespace": {
                    "sensitive": false,
                    "type": "string",
                    "value": "cp"
                },
                "stage": {
                    "sensitive": false,
                    "type": "string",
                    "value": "prod"
                },
                "tags": {
                    "sensitive": false,
                    "type": "map",
                    "value": {
                        "Name": "cp-prod-app-cpu-utilization-high",
                        "Namespace": "cp",
                        "Stage": "prod"
                    }
                }
            },
            "resources": {},
            "depends_on": []
        },
        {
            "path": [
                "root",
                "alarms",
                "cpu_utilization_low_alarm_label"
            ],
            "outputs": {
                "attributes": {
                    "sensitive": false,
                    "type": "string",
                    "value": "cpu-utilization-low"
                },
                "id": {
                    "sensitive": false,
                    "type": "string",
                    "value": "cp-prod-app-cpu-utilization-low"
                },
                "name": {
                    "sensitive": false,
                    "type": "string",
                    "value": "app"
                },
                "namespace": {
                    "sensitive": false,
                    "type": "string",
                    "value": "cp"
                },
                "stage": {
                    "sensitive": false,
                    "type": "string",
                    "value": "prod"
                },
                "tags": {
                    "sensitive": false,
                    "type": "map",
                    "value": {
                        "Name": "cp-prod-app-cpu-utilization-low",
                        "Namespace": "cp",
                        "Stage": "prod"
                    }
                }
            },
            "resources": {},
            "depends_on": []
        },
        {
            "path": [
                "root",
                "alarms",
                "memory_utilization_high_alarm_label"
            ],
            "outputs": {
                "attributes": {
                    "sensitive": false,
                    "type": "string",
                    "value": "memory-utilization-high"
                },
                "id": {
                    "sensitive": false,
                    "type": "string",
                    "value": "cp-prod-app-memory-utilization-high"
                },
                "name": {
                    "sensitive": false,
                    "type": "string",
                    "value": "app"
                },
                "namespace": {
                    "sensitive": false,
                    "type": "string",
                    "value": "cp"
                },
                "stage": {
                    "sensitive": false,
                    "type": "string",
                    "value": "prod"
                },
                "tags": {
                    "sensitive": false,
                    "type": "map",
                    "value": {
                        "Name": "cp-prod-app-memory-utilization-high",
                        "Namespace": "cp",
                        "Stage": "prod"
                    }
                }
            },
            "resources": {},
            "depends_on": []
        },
        {
            "path": [
                "root",
                "alarms",
                "memory_utilization_low_alarm_label"
            ],
            "outputs": {
                "attributes": {
                    "sensitive": false,
                    "type": "string",
                    "value": "memory-utilization-low"
                },
                "id": {
                    "sensitive": false,
                    "type": "string",
                    "value": "cp-prod-app-memory-utilization-low"
                },
                "name": {
                    "sensitive": false,
                    "type": "string",
                    "value": "app"
                },
                "namespace": {
                    "sensitive": false,
                    "type": "string",
                    "value": "cp"
                },
                "stage": {
                    "sensitive": false,
                    "type": "string",
                    "value": "prod"
                },
                "tags": {
                    "sensitive": false,
                    "type": "map",
                    "value": {
                        "Name": "cp-prod-app-memory-utilization-low",
                        "Namespace": "cp",
                        "Stage": "prod"
                    }
                }
            },
            "resources": {},
            "depends_on": []
        }
    ]
}
